
Microsoft Visual Studio Solution File, Format Version 12.00
# Visual Studio 15
VisualStudioVersion = 15.0.27428.2043
MinimumVisualStudioVersion = 10.0.40219.1
Project("{FAE04EC0-301F-11D3-BF4B-00C04F79EFBC}") = "Patterns_Adapter", "Patterns_Adapter\Patterns_Adapter.csproj", "{D5C8547A-C2CC-4A43-AD79-56F8227013A7}"
EndProject
Global
	GlobalSection(SolutionConfigurationPlatforms) = preSolution
		Debug|Any CPU = Debug|Any CPU
		Release|Any CPU = Release|Any CPU
	EndGlobalSection
	GlobalSection(ProjectConfigurationPlatforms) = postSolution
		{D5C8547A-C2CC-4A43-AD79-56F8227013A7}.Debug|Any CPU.ActiveCfg = Debug|Any CPU
		{D5C8547A-C2CC-4A43-AD79-56F8227013A7}.Debug|Any CPU.Build.0 = Debug|Any CPU
		{D5C8547A-C2CC-4A43-AD79-56F8227013A7}.Release|Any CPU.ActiveCfg = Release|Any CPU
		{D5C8547A-C2CC-4A43-AD79-56F8227013A7}.Release|Any CPU.Build.0 = Release|Any CPU
	EndGlobalSection
	GlobalSection(SolutionProperties) = preSolution
		HideSolutionNode = FALSE
	EndGlobalSection
	GlobalSection(ExtensibilityGlobals) = postSolution
		SolutionGuid = {52E95D21-2E39-4367-A8F4-D662F433A9B7}
	EndGlobalSection
EndGlobal
